// !$*UTF8*$!
{
	archiveVersion = 1;
	classes = {
	};
	objectVersion = 50;
	objects = {

/* Begin PBXBuildFile section */
		5C258A9F22258B0A0067E859 /* AppDelegate.swift in Sources */ = {isa = PBXBuildFile; fileRef = 5C258A9E22258B0A0067E859 /* AppDelegate.swift */; };
		5C258AA122258B0A0067E859 /* MasterViewController.swift in Sources */ = {isa = PBXBuildFile; fileRef = 5C258AA022258B0A0067E859 /* MasterViewController.swift */; };
		5C258AA322258B0A0067E859 /* DetailViewController.swift in Sources */ = {isa = PBXBuildFile; fileRef = 5C258AA222258B0A0067E859 /* DetailViewController.swift */; };
		5C258AA622258B0A0067E859 /* Main.storyboard in Resources */ = {isa = PBXBuildFile; fileRef = 5C258AA422258B0A0067E859 /* Main.storyboard */; };
		5C258AA822258B0C0067E859 /* Assets.xcassets in Resources */ = {isa = PBXBuildFile; fileRef = 5C258AA722258B0C0067E859 /* Assets.xcassets */; };
		5C258AAB22258B0C0067E859 /* LaunchScreen.storyboard in Resources */ = {isa = PBXBuildFile; fileRef = 5C258AA922258B0C0067E859 /* LaunchScreen.storyboard */; };
		5C258AB622258B0C0067E859 /* SelfiegramTests.swift in Sources */ = {isa = PBXBuildFile; fileRef = 5C258AB522258B0C0067E859 /* SelfiegramTests.swift */; };
		5C258AC122258B0C0067E859 /* SelfiegramUITests.swift in Sources */ = {isa = PBXBuildFile; fileRef = 5C258AC022258B0C0067E859 /* SelfiegramUITests.swift */; };
/* End PBXBuildFile section */

/* Begin PBXContainerItemProxy section */
		5C258AB222258B0C0067E859 /* PBXContainerItemProxy */ = {
			isa = PBXContainerItemProxy;
			containerPortal = 5C258A9322258B0A0067E859 /* Project object */;
			proxyType = 1;
			remoteGlobalIDString = 5C258A9A22258B0A0067E859;
			remoteInfo = Selfiegram;
		};
		5C258ABD22258B0C0067E859 /* PBXContainerItemProxy */ = {
			isa = PBXContainerItemProxy;
			containerPortal = 5C258A9322258B0A0067E859 /* Project object */;
			proxyType = 1;
			remoteGlobalIDString = 5C258A9A22258B0A0067E859;
			remoteInfo = Selfiegram;
		};
/* End PBXContainerItemProxy section */

/* Begin PBXFileReference section */
		5C258A9B22258B0A0067E859 /* Selfiegram.app */ = {isa = PBXFileReference; explicitFileType = wrapper.application; includeInIndex = 0; path = Selfiegram.app; sourceTree = BUILT_PRODUCTS_DIR; };
		5C258A9E22258B0A0067E859 /* AppDelegate.swift */ = {isa = PBXFileReference; lastKnownFileType = sourcecode.swift; path = AppDelegate.swift; sourceTree = "<group>"; };
		5C258AA022258B0A0067E859 /* MasterViewController.swift */ = {isa = PBXFileReference; lastKnownFileType = sourcecode.swift; path = MasterViewController.swift; sourceTree = "<group>"; };
		5C258AA222258B0A0067E859 /* DetailViewController.swift */ = {isa = PBXFileReference; lastKnownFileType = sourcecode.swift; path = DetailViewController.swift; sourceTree = "<group>"; };
		5C258AA522258B0A0067E859 /* Base */ = {isa = PBXFileReference; lastKnownFileType = file.storyboard; name = Base; path = Base.lproj/Main.storyboard; sourceTree = "<group>"; };
		5C258AA722258B0C0067E859 /* Assets.xcassets */ = {isa = PBXFileReference; lastKnownFileType = folder.assetcatalog; path = Assets.xcassets; sourceTree = "<group>"; };
		5C258AAA22258B0C0067E859 /* Base */ = {isa = PBXFileReference; lastKnownFileType = file.storyboard; name = Base; path = Base.lproj/LaunchScreen.storyboard; sourceTree = "<group>"; };
		5C258AAC22258B0C0067E859 /* Info.plist */ = {isa = PBXFileReference; lastKnownFileType = text.plist.xml; path = Info.plist; sourceTree = "<group>"; };
		5C258AB122258B0C0067E859 /* SelfiegramTests.xctest */ = {isa = PBXFileReference; explicitFileType = wrapper.cfbundle; includeInIndex = 0; path = SelfiegramTests.xctest; sourceTree = BUILT_PRODUCTS_DIR; };
		5C258AB522258B0C0067E859 /* SelfiegramTests.swift */ = {isa = PBXFileReference; lastKnownFileType = sourcecode.swift; path = SelfiegramTests.swift; sourceTree = "<group>"; };
		5C258AB722258B0C0067E859 /* Info.plist */ = {isa = PBXFileReference; lastKnownFileType = text.plist.xml; path = Info.plist; sourceTree = "<group>"; };
		5C258ABC22258B0C0067E859 /* SelfiegramUITests.xctest */ = {isa = PBXFileReference; explicitFileType = wrapper.cfbundle; includeInIndex = 0; path = SelfiegramUITests.xctest; sourceTree = BUILT_PRODUCTS_DIR; };
		5C258AC022258B0C0067E859 /* SelfiegramUITests.swift */ = {isa = PBXFileReference; lastKnownFileType = sourcecode.swift; path = SelfiegramUITests.swift; sourceTree = "<group>"; };
		5C258AC222258B0C0067E859 /* Info.plist */ = {isa = PBXFileReference; lastKnownFileType = text.plist.xml; path = Info.plist; sourceTree = "<group>"; };
/* End PBXFileReference section */

/* Begin PBXFrameworksBuildPhase section */
		5C258A9822258B0A0067E859 /* Frameworks */ = {
			isa = PBXFrameworksBuildPhase;
			buildActionMask = 2147483647;
			files = (
			);
			runOnlyForDeploymentPostprocessing = 0;
		};
		5C258AAE22258B0C0067E859 /* Frameworks */ = {
			isa = PBXFrameworksBuildPhase;
			buildActionMask = 2147483647;
			files = (
			);
			runOnlyForDeploymentPostprocessing = 0;
		};
		5C258AB922258B0C0067E859 /* Frameworks */ = {
			isa = PBXFrameworksBuildPhase;
			buildActionMask = 2147483647;
			files = (
			);
			runOnlyForDeploymentPostprocessing = 0;
		};
/* End PBXFrameworksBuildPhase section */

/* Begin PBXGroup section */
		5C258A9222258B0A0067E859 = {
			isa = PBXGroup;
			children = (
				5C258A9D22258B0A0067E859 /* Selfiegram */,
				5C258AB422258B0C0067E859 /* SelfiegramTests */,
				5C258ABF22258B0C0067E859 /* SelfiegramUITests */,
				5C258A9C22258B0A0067E859 /* Products */,
			);
			sourceTree = "<group>";
		};
		5C258A9C22258B0A0067E859 /* Products */ = {
			isa = PBXGroup;
			children = (
				5C258A9B22258B0A0067E859 /* Selfiegram.app */,
				5C258AB122258B0C0067E859 /* SelfiegramTests.xctest */,
				5C258ABC22258B0C0067E859 /* SelfiegramUITests.xctest */,
			);
			name = Products;
			sourceTree = "<group>";
		};
		5C258A9D22258B0A0067E859 /* Selfiegram */ = {
			isa = PBXGroup;
			children = (
				5C258A9E22258B0A0067E859 /* AppDelegate.swift */,
				5C258AA022258B0A0067E859 /* MasterViewController.swift */,
				5C258AA222258B0A0067E859 /* DetailViewController.swift */,
				5C258AA422258B0A0067E859 /* Main.storyboard */,
				5C258AA722258B0C0067E859 /* Assets.xcassets */,
				5C258AA922258B0C0067E859 /* LaunchScreen.storyboard */,
				5C258AAC22258B0C0067E859 /* Info.plist */,
			);
			path = Selfiegram;
			sourceTree = "<group>";
		};
		5C258AB422258B0C0067E859 /* SelfiegramTests */ = {
			isa = PBXGroup;
			children = (
				5C258AB522258B0C0067E859 /* SelfiegramTests.swift */,
				5C258AB722258B0C0067E859 /* Info.plist */,
			);
			path = SelfiegramTests;
			sourceTree = "<group>";
		};
		5C258ABF22258B0C0067E859 /* SelfiegramUITests */ = {
			isa = PBXGroup;
			children = (
				5C258AC022258B0C0067E859 /* SelfiegramUITests.swift */,
				5C258AC222258B0C0067E859 /* Info.plist */,
			);
			path = SelfiegramUITests;
			sourceTree = "<group>";
		};
/* End PBXGroup section */

/* Begin PBXNativeTarget section */
		5C258A9A22258B0A0067E859 /* Selfiegram */ = {
			isa = PBXNativeTarget;
			buildConfigurationList = 5C258AC522258B0C0067E859 /* Build configuration list for PBXNativeTarget "Selfiegram" */;
			buildPhases = (
				5C258A9722258B0A0067E859 /* Sources */,
				5C258A9822258B0A0067E859 /* Frameworks */,
				5C258A9922258B0A0067E859 /* Resources */,
			);
			buildRules = (
			);
			dependencies = (
			);
			name = Selfiegram;
			productName = Selfiegram;
			productReference = 5C258A9B22258B0A0067E859 /* Selfiegram.app */;
			productType = "com.apple.product-type.application";
		};
		5C258AB022258B0C0067E859 /* SelfiegramTests */ = {
			isa = PBXNativeTarget;
			buildConfigurationList = 5C258AC822258B0C0067E859 /* Build configuration list for PBXNativeTarget "SelfiegramTests" */;
			buildPhases = (
				5C258AAD22258B0C0067E859 /* Sources */,
				5C258AAE22258B0C0067E859 /* Frameworks */,
				5C258AAF22258B0C0067E859 /* Resources */,
			);
			buildRules = (
			);
			dependencies = (
				5C258AB322258B0C0067E859 /* PBXTargetDependency */,
			);
			name = SelfiegramTests;
			productName = SelfiegramTests;
			productReference = 5C258AB122258B0C0067E859 /* SelfiegramTests.xctest */;
			productType = "com.apple.product-type.bundle.unit-test";
		};
		5C258ABB22258B0C0067E859 /* SelfiegramUITests */ = {
			isa = PBXNativeTarget;
			buildConfigurationList = 5C258ACB22258B0C0067E859 /* Build configuration list for PBXNativeTarget "SelfiegramUITests" */;
			buildPhases = (
				5C258AB822258B0C0067E859 /* Sources */,
				5C258AB922258B0C0067E859 /* Frameworks */,
				5C258ABA22258B0C0067E859 /* Resources */,
			);
			buildRules = (
			);
			dependencies = (
				5C258ABE22258B0C0067E859 /* PBXTargetDependency */,
			);
			name = SelfiegramUITests;
			productName = SelfiegramUITests;
			productReference = 5C258ABC22258B0C0067E859 /* SelfiegramUITests.xctest */;
			productType = "com.apple.product-type.bundle.ui-testing";
		};
/* End PBXNativeTarget section */

/* Begin PBXProject section */
		5C258A9322258B0A0067E859 /* Project object */ = {
			isa = PBXProject;
			attributes = {
				LastSwiftUpdateCheck = 1010;
				LastUpgradeCheck = 1010;
				ORGANIZATIONNAME = "Cornel Oaie";
				TargetAttributes = {
					5C258A9A22258B0A0067E859 = {
						CreatedOnToolsVersion = 10.1;
					};
					5C258AB022258B0C0067E859 = {
						CreatedOnToolsVersion = 10.1;
						TestTargetID = 5C258A9A22258B0A0067E859;
					};
					5C258ABB22258B0C0067E859 = {
						CreatedOnToolsVersion = 10.1;
						TestTargetID = 5C258A9A22258B0A0067E859;
					};
				};
			};
			buildConfigurationList = 5C258A9622258B0A0067E859 /* Build configuration list for PBXProject "Selfiegram" */;
			compatibilityVersion = "Xcode 9.3";
			developmentRegion = en;
			hasScannedForEncodings = 0;
			knownRegions = (
				en,
				Base,
			);
			mainGroup = 5C258A9222258B0A0067E859;
			productRefGroup = 5C258A9C22258B0A0067E859 /* Products */;
			projectDirPath = "";
			projectRoot = "";
			targets = (
				5C258A9A22258B0A0067E859 /* Selfiegram */,
				5C258AB022258B0C0067E859 /* SelfiegramTests */,
				5C258ABB22258B0C0067E859 /* SelfiegramUITests */,
			);
		};
/* End PBXProject section */

/* Begin PBXResourcesBuildPhase section */
		5C258A9922258B0A0067E859 /* Resources */ = {
			isa = PBXResourcesBuildPhase;
			buildActionMask = 2147483647;
			files = (
				5C258AAB22258B0C0067E859 /* LaunchScreen.storyboard in Resources */,
				5C258AA822258B0C0067E859 /* Assets.xcassets in Resources */,
				5C258AA622258B0A0067E859 /* Main.storyboard in Resources */,
			);
			runOnlyForDeploymentPostprocessing = 0;
		};
		5C258AAF22258B0C0067E859 /* Resources */ = {
			isa = PBXResourcesBuildPhase;
			buildActionMask = 2147483647;
			files = (
			);
			runOnlyForDeploymentPostprocessing = 0;
		};
		5C258ABA22258B0C0067E859 /* Resources */ = {
			isa = PBXResourcesBuildPhase;
			buildActionMask = 2147483647;
			files = (
			);
			runOnlyForDeploymentPostprocessing = 0;
		};
/* End PBXResourcesBuildPhase section */

/* Begin PBXSourcesBuildPhase section */
		5C258A9722258B0A0067E859 /* Sources */ = {
			isa = PBXSourcesBuildPhase;
			buildActionMask = 2147483647;
			files = (
				5C258AA322258B0A0067E859 /* DetailViewController.swift in Sources */,
				5C258AA122258B0A0067E859 /* MasterViewController.swift in Sources */,
				5C258A9F22258B0A0067E859 /* AppDelegate.swift in Sources */,
			);
			runOnlyForDeploymentPostprocessing = 0;
		};
		5C258AAD22258B0C0067E859 /* Sources */ = {
			isa = PBXSourcesBuildPhase;
			buildActionMask = 2147483647;
			files = (
				5C258AB622258B0C0067E859 /* SelfiegramTests.swift in Sources */,
			);
			runOnlyForDeploymentPostprocessing = 0;
		};
		5C258AB822258B0C0067E859 /* Sources */ = {
			isa = PBXSourcesBuildPhase;
			buildActionMask = 2147483647;
			files = (
				5C258AC122258B0C0067E859 /* SelfiegramUITests.swift in Sources */,
			);
			runOnlyForDeploymentPostprocessing = 0;
		};
/* End PBXSourcesBuildPhase section */

/* Begin PBXTargetDependency section */
		5C258AB322258B0C0067E859 /* PBXTargetDependency */ = {
			isa = PBXTargetDependency;
			target = 5C258A9A22258B0A0067E859 /* Selfiegram */;
			targetProxy = 5C258AB222258B0C0067E859 /* PBXContainerItemProxy */;
		};
		5C258ABE22258B0C0067E859 /* PBXTargetDependency */ = {
			isa = PBXTargetDependency;
			target = 5C258A9A22258B0A0067E859 /* Selfiegram */;
			targetProxy = 5C258ABD22258B0C0067E859 /* PBXContainerItemProxy */;
		};
/* End PBXTargetDependency section */

/* Begin PBXVariantGroup section */
		5C258AA422258B0A0067E859 /* Main.storyboard */ = {
			isa = PBXVariantGroup;
			children = (
				5C258AA522258B0A0067E859 /* Base */,
			);
			name = Main.storyboard;
			sourceTree = "<group>";
		};
		5C258AA922258B0C0067E859 /* LaunchScreen.storyboard */ = {
			isa = PBXVariantGroup;
			children = (
				5C258AAA22258B0C0067E859 /* Base */,
			);
			name = LaunchScreen.storyboard;
			sourceTree = "<group>";
		};
/* End PBXVariantGroup section */

/* Begin XCBuildConfiguration section */
		5C258AC322258B0C0067E859 /* Debug */ = {
			isa = XCBuildConfiguration;
			buildSettings = {
				ALWAYS_SEARCH_USER_PATHS = NO;
				CLANG_ANALYZER_NONNULL = YES;
				CLANG_ANALYZER_NUMBER_OBJECT_CONVERSION = YES_AGGRESSIVE;
				CLANG_CXX_LANGUAGE_STANDARD = "gnu++14";
				CLANG_CXX_LIBRARY = "libc++";
				CLANG_ENABLE_MODULES = YES;
				CLANG_ENABLE_OBJC_ARC = YES;
				CLANG_ENABLE_OBJC_WEAK = YES;
				CLANG_WARN_BLOCK_CAPTURE_AUTORELEASING = YES;
				CLANG_WARN_BOOL_CONVERSION = YES;
				CLANG_WARN_COMMA = YES;
				CLANG_WARN_CONSTANT_CONVERSION = YES;
				CLANG_WARN_DEPRECATED_OBJC_IMPLEMENTATIONS = YES;
				CLANG_WARN_DIRECT_OBJC_ISA_USAGE = YES_ERROR;
				CLANG_WARN_DOCUMENTATION_COMMENTS = YES;
				CLANG_WARN_EMPTY_BODY = YES;
				CLANG_WARN_ENUM_CONVERSION = YES;
				CLANG_WARN_INFINITE_RECURSION = YES;
				CLANG_WARN_INT_CONVERSION = YES;
				CLANG_WARN_NON_LITERAL_NULL_CONVERSION = YES;
				CLANG_WARN_OBJC_IMPLICIT_RETAIN_SELF = YES;
				CLANG_WARN_OBJC_LITERAL_CONVERSION = YES;
				CLANG_WARN_OBJC_ROOT_CLASS = YES_ERROR;
				CLANG_WARN_RANGE_LOOP_ANALYSIS = YES;
				CLANG_WARN_STRICT_PROTOTYPES = YES;
				CLANG_WARN_SUSPICIOUS_MOVE = YES;
				CLANG_WARN_UNGUARDED_AVAILABILITY = YES_AGGRESSIVE;
				CLANG_WARN_UNREACHABLE_CODE = YES;
				CLANG_WARN__DUPLICATE_METHOD_MATCH = YES;
				CODE_SIGN_IDENTITY = "iPhone Developer";
				COPY_PHASE_STRIP = NO;
				DEBUG_INFORMATION_FORMAT = dwarf;
				ENABLE_STRICT_OBJC_MSGSEND = YES;
				ENABLE_TESTABILITY = YES;
				GCC_C_LANGUAGE_STANDARD = gnu11;
				GCC_DYNAMIC_NO_PIC = NO;
				GCC_NO_COMMON_BLOCKS = YES;
				GCC_OPTIMIZATION_LEVEL = 0;
				GCC_PREPROCESSOR_DEFINITIONS = (
					"DEBUG=1",
					"$(inherited)",
				);
				GCC_WARN_64_TO_32_BIT_CONVERSION = YES;
				GCC_WARN_ABOUT_RETURN_TYPE = YES_ERROR;
				GCC_WARN_UNDECLARED_SELECTOR = YES;
				GCC_WARN_UNINITIALIZED_AUTOS = YES_AGGRESSIVE;
				GCC_WARN_UNUSED_FUNCTION = YES;
				GCC_WARN_UNUSED_VARIABLE = YES;
				IPHONEOS_DEPLOYMENT_TARGET = 12.1;
				MTL_ENABLE_DEBUG_INFO = INCLUDE_SOURCE;
				MTL_FAST_MATH = YES;
				ONLY_ACTIVE_ARCH = YES;
				SDKROOT = iphoneos;
				SWIFT_ACTIVE_COMPILATION_CONDITIONS = DEBUG;
				SWIFT_OPTIMIZATION_LEVEL = "-Onone";
			};
			name = Debug;
		};
		5C258AC422258B0C0067E859 /* Release */ = {
			isa = XCBuildConfiguration;
			buildSettings = {
				ALWAYS_SEARCH_USER_PATHS = NO;
				CLANG_ANALYZER_NONNULL = YES;
				CLANG_ANALYZER_NUMBER_OBJECT_CONVERSION = YES_AGGRESSIVE;
				CLANG_CXX_LANGUAGE_STANDARD = "gnu++14";
				CLANG_CXX_LIBRARY = "libc++";
				CLANG_ENABLE_MODULES = YES;
				CLANG_ENABLE_OBJC_ARC = YES;
				CLANG_ENABLE_OBJC_WEAK = YES;
				CLANG_WARN_BLOCK_CAPTURE_AUTORELEASING = YES;
				CLANG_WARN_BOOL_CONVERSION = YES;
				CLANG_WARN_COMMA = YES;
				CLANG_WARN_CONSTANT_CONVERSION = YES;
				CLANG_WARN_DEPRECATED_OBJC_IMPLEMENTATIONS = YES;
				CLANG_WARN_DIRECT_OBJC_ISA_USAGE = YES_ERROR;
				CLANG_WARN_DOCUMENTATION_COMMENTS = YES;
				CLANG_WARN_EMPTY_BODY = YES;
				CLANG_WARN_ENUM_CONVERSION = YES;
				CLANG_WARN_INFINITE_RECURSION = YES;
				CLANG_WARN_INT_CONVERSION = YES;
				CLANG_WARN_NON_LITERAL_NULL_CONVERSION = YES;
				CLANG_WARN_OBJC_IMPLICIT_RETAIN_SELF = YES;
				CLANG_WARN_OBJC_LITERAL_CONVERSION = YES;
				CLANG_WARN_OBJC_ROOT_CLASS = YES_ERROR;
				CLANG_WARN_RANGE_LOOP_ANALYSIS = YES;
				CLANG_WARN_STRICT_PROTOTYPES = YES;
				CLANG_WARN_SUSPICIOUS_MOVE = YES;
				CLANG_WARN_UNGUARDED_AVAILABILITY = YES_AGGRESSIVE;
				CLANG_WARN_UNREACHABLE_CODE = YES;
				CLANG_WARN__DUPLICATE_METHOD_MATCH = YES;
				CODE_SIGN_IDENTITY = "iPhone Developer";
				COPY_PHASE_STRIP = NO;
				DEBUG_INFORMATION_FORMAT = "dwarf-with-dsym";
				ENABLE_NS_ASSERTIONS = NO;
				ENABLE_STRICT_OBJC_MSGSEND = YES;
				GCC_C_LANGUAGE_STANDARD = gnu11;
				GCC_NO_COMMON_BLOCKS = YES;
				GCC_WARN_64_TO_32_BIT_CONVERSION = YES;
				GCC_WARN_ABOUT_RETURN_TYPE = YES_ERROR;
				GCC_WARN_UNDECLARED_SELECTOR = YES;
				GCC_WARN_UNINITIALIZED_AUTOS = YES_AGGRESSIVE;
				GCC_WARN_UNUSED_FUNCTION = YES;
				GCC_WARN_UNUSED_VARIABLE = YES;
				IPHONEOS_DEPLOYMENT_TARGET = 12.1;
				MTL_ENABLE_DEBUG_INFO = NO;
				MTL_FAST_MATH = YES;
				SDKROOT = iphoneos;
				SWIFT_COMPILATION_MODE = wholemodule;
				SWIFT_OPTIMIZATION_LEVEL = "-O";
				VALIDATE_PRODUCT = YES;
			};
			name = Release;
		};
		5C258AC622258B0C0067E859 /* Debug */ = {
			isa = XCBuildConfiguration;
			buildSettings = {
				ASSETCATALOG_COMPILER_APPICON_NAME = AppIcon;
				CODE_SIGN_STYLE = Automatic;
				DEVELOPMENT_TEAM = 38438288V4;
				INFOPLIST_FILE = Selfiegram/Info.plist;
				LD_RUNPATH_SEARCH_PATHS = (
					"$(inherited)",
					"@executable_path/Frameworks",
				);
				PRODUCT_BUNDLE_IDENTIFIER = com.corneloaie.Selfiegram;
				PRODUCT_NAME = "$(TARGET_NAME)";
				SWIFT_VERSION = 4.2;
				TARGETED_DEVICE_FAMILY = "1,2";
			};
			name = Debug;
		};
		5C258AC722258B0C0067E859 /* Release */ = {
			isa = XCBuildConfiguration;
			buildSettings = {
				ASSETCATALOG_COMPILER_APPICON_NAME = AppIcon;
				CODE_SIGN_STYLE = Automatic;
				DEVELOPMENT_TEAM = 38438288V4;
				INFOPLIST_FILE = Selfiegram/Info.plist;
				LD_RUNPATH_SEARCH_PATHS = (
					"$(inherited)",
					"@executable_path/Frameworks",
				);
				PRODUCT_BUNDLE_IDENTIFIER = com.corneloaie.Selfiegram;
				PRODUCT_NAME = "$(TARGET_NAME)";
				SWIFT_VERSION = 4.2;
				TARGETED_DEVICE_FAMILY = "1,2";
			};
			name = Release;
		};
		5C258AC922258B0C0067E859 /* Debug */ = {
			isa = XCBuildConfiguration;
			buildSettings = {
				ALWAYS_EMBED_SWIFT_STANDARD_LIBRARIES = YES;
				BUNDLE_LOADER = "$(TEST_HOST)";
				CODE_SIGN_STYLE = Automatic;
				DEVELOPMENT_TEAM = 38438288V4;
				INFOPLIST_FILE = SelfiegramTests/Info.plist;
				LD_RUNPATH_SEARCH_PATHS = (
					"$(inherited)",
					"@executable_path/Frameworks",
					"@loader_path/Frameworks",
				);
				PRODUCT_BUNDLE_IDENTIFIER = com.corneloaie.SelfiegramTests;
				PRODUCT_NAME = "$(TARGET_NAME)";
				SWIFT_VERSION = 4.2;
				TARGETED_DEVICE_FAMILY = "1,2";
				TEST_HOST = "$(BUILT_PRODUCTS_DIR)/Selfiegram.app/Selfiegram";
			};
			name = Debug;
		};
		5C258ACA22258B0C0067E859 /* Release */ = {
			isa = XCBuildConfiguration;
			buildSettings = {
				ALWAYS_EMBED_SWIFT_STANDARD_LIBRARIES = YES;
				BUNDLE_LOADER = "$(TEST_HOST)";
				CODE_SIGN_STYLE = Automatic;
				DEVELOPMENT_TEAM = 38438288V4;
				INFOPLIST_FILE = SelfiegramTests/Info.plist;
				LD_RUNPATH_SEARCH_PATHS = (
					"$(inherited)",
					"@executable_path/Frameworks",
					"@loader_path/Frameworks",
				);
				PRODUCT_BUNDLE_IDENTIFIER = com.corneloaie.SelfiegramTests;
				PRODUCT_NAME = "$(TARGET_NAME)";
				SWIFT_VERSION = 4.2;
				TARGETED_DEVICE_FAMILY = "1,2";
				TEST_HOST = "$(BUILT_PRODUCTS_DIR)/Selfiegram.app/Selfiegram";
			};
			name = Release;
		};
		5C258ACC22258B0C0067E859 /* Debug */ = {
			isa = XCBuildConfiguration;
			buildSettings = {
				ALWAYS_EMBED_SWIFT_STANDARD_LIBRARIES = YES;
				CODE_SIGN_STYLE = Automatic;
				DEVELOPMENT_TEAM = 38438288V4;
				INFOPLIST_FILE = SelfiegramUITests/Info.plist;
				LD_RUNPATH_SEARCH_PATHS = (
					"$(inherited)",
					"@executable_path/Frameworks",
					"@loader_path/Frameworks",
				);
				PRODUCT_BUNDLE_IDENTIFIER = com.corneloaie.SelfiegramUITests;
				PRODUCT_NAME = "$(TARGET_NAME)";
				SWIFT_VERSION = 4.2;
				TARGETED_DEVICE_FAMILY = "1,2";
				TEST_TARGET_NAME = Selfiegram;
			};
			name = Debug;
		};
		5C258ACD22258B0C0067E859 /* Release */ = {
			isa = XCBuildConfiguration;
			buildSettings = {
				ALWAYS_EMBED_SWIFT_STANDARD_LIBRARIES = YES;
				CODE_SIGN_STYLE = Automatic;
				DEVELOPMENT_TEAM = 38438288V4;
				INFOPLIST_FILE = SelfiegramUITests/Info.plist;
				LD_RUNPATH_SEARCH_PATHS = (
					"$(inherited)",
					"@executable_path/Frameworks",
					"@loader_path/Frameworks",
				);
				PRODUCT_BUNDLE_IDENTIFIER = com.corneloaie.SelfiegramUITests;
				PRODUCT_NAME = "$(TARGET_NAME)";
				SWIFT_VERSION = 4.2;
				TARGETED_DEVICE_FAMILY = "1,2";
				TEST_TARGET_NAME = Selfiegram;
			};
			name = Release;
		};
/* End XCBuildConfiguration section */

/* Begin XCConfigurationList section */
		5C258A9622258B0A0067E859 /* Build configuration list for PBXProject "Selfiegram" */ = {
			isa = XCConfigurationList;
			buildConfigurations = (
				5C258AC322258B0C0067E859 /* Debug */,
				5C258AC422258B0C0067E859 /* Release */,
			);
			defaultConfigurationIsVisible = 0;
			defaultConfigurationName = Release;
		};
		5C258AC522258B0C0067E859 /* Build configuration list for PBXNativeTarget "Selfiegram" */ = {
			isa = XCConfigurationList;
			buildConfigurations = (
				5C258AC622258B0C0067E859 /* Debug */,
				5C258AC722258B0C0067E859 /* Release */,
			);
			defaultConfigurationIsVisible = 0;
			defaultConfigurationName = Release;
		};
		5C258AC822258B0C0067E859 /* Build configuration list for PBXNativeTarget "SelfiegramTests" */ = {
			isa = XCConfigurationList;
			buildConfigurations = (
				5C258AC922258B0C0067E859 /* Debug */,
				5C258ACA22258B0C0067E859 /* Release */,
			);
			defaultConfigurationIsVisible = 0;
			defaultConfigurationName = Release;
		};
		5C258ACB22258B0C0067E859 /* Build configuration list for PBXNativeTarget "SelfiegramUITests" */ = {
			isa = XCConfigurationList;
			buildConfigurations = (
				5C258ACC22258B0C0067E859 /* Debug */,
				5C258ACD22258B0C0067E859 /* Release */,
			);
			defaultConfigurationIsVisible = 0;
			defaultConfigurationName = Release;
		};
/* End XCConfigurationList section */
	};
	rootObject = 5C258A9322258B0A0067E859 /* Project object */;
}
